
Microsoft Visual Studio Solution File, Format Version 12.00
# Visual Studio 14
VisualStudioVersion = 14.0.25420.1
MinimumVisualStudioVersion = 10.0.40219.1
Project("{D954291E-2A0B-460D-934E-DC6B0785DB48}") = "TaxiApp.Shared", "TaxiApp.Shared\TaxiApp.Shared.shproj", "{490CC030-189D-4DE2-BEF7-AF9ADE0B3351}"
EndProject
Project("{FAE04EC0-301F-11D3-BF4B-00C04F79EFBC}") = "TaxiApp.Core", "TaxiApp.Core\TaxiApp.Core.csproj", "{83FF1520-2C7B-4B54-9AB4-12639F2403F2}"
EndProject
Project("{FAE04EC0-301F-11D3-BF4B-00C04F79EFBC}") = "TaxiApp.UWP.Vezzun", "TaxiApp.UWP.Vezzun\TaxiApp.UWP.Vezzun.csproj", "{A53D3A0D-034F-4E6F-8911-E1CCDE086B8A}"
EndProject
Project("{FAE04EC0-301F-11D3-BF4B-00C04F79EFBC}") = "TaxiApp.Core.UWP", "TaxiApp.Core.UWP\TaxiApp.Core.UWP.csproj", "{C7E2E890-F7E6-4B9A-98FE-524047DD5F6D}"
EndProject
Project("{FAE04EC0-301F-11D3-BF4B-00C04F79EFBC}") = "TaxiApp.BackgroundTasks.UWP", "TaxiApp.BackgroundTasks.UWP\TaxiApp.BackgroundTasks.UWP.csproj", "{12307BC0-EAC7-4942-9F4A-8401EC12C81E}"
EndProject
Global
	GlobalSection(SharedMSBuildProjectFiles) = preSolution
		TaxiApp.Shared\TaxiApp.Shared.projitems*{490cc030-189d-4de2-bef7-af9ade0b3351}*SharedItemsImports = 13
		TaxiApp.Shared\TaxiApp.Shared.projitems*{a53d3a0d-034f-4e6f-8911-e1ccde086b8a}*SharedItemsImports = 4
	EndGlobalSection
	GlobalSection(SolutionConfigurationPlatforms) = preSolution
		Debug|Any CPU = Debug|Any CPU
		Debug|ARM = Debug|ARM
		Debug|x64 = Debug|x64
		Debug|x86 = Debug|x86
		Release|Any CPU = Release|Any CPU
		Release|ARM = Release|ARM
		Release|x64 = Release|x64
		Release|x86 = Release|x86
	EndGlobalSection
	GlobalSection(ProjectConfigurationPlatforms) = postSolution
		{83FF1520-2C7B-4B54-9AB4-12639F2403F2}.Debug|Any CPU.ActiveCfg = Debug|Any CPU
		{83FF1520-2C7B-4B54-9AB4-12639F2403F2}.Debug|Any CPU.Build.0 = Debug|Any CPU
		{83FF1520-2C7B-4B54-9AB4-12639F2403F2}.Debug|ARM.ActiveCfg = Debug|ARM
		{83FF1520-2C7B-4B54-9AB4-12639F2403F2}.Debug|ARM.Build.0 = Debug|ARM
		{83FF1520-2C7B-4B54-9AB4-12639F2403F2}.Debug|x64.ActiveCfg = Debug|Any CPU
		{83FF1520-2C7B-4B54-9AB4-12639F2403F2}.Debug|x64.Build.0 = Debug|Any CPU
		{83FF1520-2C7B-4B54-9AB4-12639F2403F2}.Debug|x86.ActiveCfg = Debug|x86
		{83FF1520-2C7B-4B54-9AB4-12639F2403F2}.Debug|x86.Build.0 = Debug|x86
		{83FF1520-2C7B-4B54-9AB4-12639F2403F2}.Release|Any CPU.ActiveCfg = Release|Any CPU
		{83FF1520-2C7B-4B54-9AB4-12639F2403F2}.Release|Any CPU.Build.0 = Release|Any CPU
		{83FF1520-2C7B-4B54-9AB4-12639F2403F2}.Release|ARM.ActiveCfg = Release|ARM
		{83FF1520-2C7B-4B54-9AB4-12639F2403F2}.Release|ARM.Build.0 = Release|ARM
		{83FF1520-2C7B-4B54-9AB4-12639F2403F2}.Release|x64.ActiveCfg = Release|Any CPU
		{83FF1520-2C7B-4B54-9AB4-12639F2403F2}.Release|x64.Build.0 = Release|Any CPU
		{83FF1520-2C7B-4B54-9AB4-12639F2403F2}.Release|x86.ActiveCfg = Release|x86
		{83FF1520-2C7B-4B54-9AB4-12639F2403F2}.Release|x86.Build.0 = Release|x86
		{A53D3A0D-034F-4E6F-8911-E1CCDE086B8A}.Debug|Any CPU.ActiveCfg = Debug|x86
		{A53D3A0D-034F-4E6F-8911-E1CCDE086B8A}.Debug|ARM.ActiveCfg = Debug|ARM
		{A53D3A0D-034F-4E6F-8911-E1CCDE086B8A}.Debug|ARM.Build.0 = Debug|ARM
		{A53D3A0D-034F-4E6F-8911-E1CCDE086B8A}.Debug|ARM.Deploy.0 = Debug|ARM
		{A53D3A0D-034F-4E6F-8911-E1CCDE086B8A}.Debug|x64.ActiveCfg = Debug|x64
		{A53D3A0D-034F-4E6F-8911-E1CCDE086B8A}.Debug|x64.Build.0 = Debug|x64
		{A53D3A0D-034F-4E6F-8911-E1CCDE086B8A}.Debug|x64.Deploy.0 = Debug|x64
		{A53D3A0D-034F-4E6F-8911-E1CCDE086B8A}.Debug|x86.ActiveCfg = Debug|x86
		{A53D3A0D-034F-4E6F-8911-E1CCDE086B8A}.Debug|x86.Build.0 = Debug|x86
		{A53D3A0D-034F-4E6F-8911-E1CCDE086B8A}.Debug|x86.Deploy.0 = Debug|x86
		{A53D3A0D-034F-4E6F-8911-E1CCDE086B8A}.Release|Any CPU.ActiveCfg = Release|x86
		{A53D3A0D-034F-4E6F-8911-E1CCDE086B8A}.Release|ARM.ActiveCfg = Release|ARM
		{A53D3A0D-034F-4E6F-8911-E1CCDE086B8A}.Release|ARM.Build.0 = Release|ARM
		{A53D3A0D-034F-4E6F-8911-E1CCDE086B8A}.Release|ARM.Deploy.0 = Release|ARM
		{A53D3A0D-034F-4E6F-8911-E1CCDE086B8A}.Release|x64.ActiveCfg = Release|x64
		{A53D3A0D-034F-4E6F-8911-E1CCDE086B8A}.Release|x64.Build.0 = Release|x64
		{A53D3A0D-034F-4E6F-8911-E1CCDE086B8A}.Release|x64.Deploy.0 = Release|x64
		{A53D3A0D-034F-4E6F-8911-E1CCDE086B8A}.Release|x86.ActiveCfg = Release|x86
		{A53D3A0D-034F-4E6F-8911-E1CCDE086B8A}.Release|x86.Build.0 = Release|x86
		{A53D3A0D-034F-4E6F-8911-E1CCDE086B8A}.Release|x86.Deploy.0 = Release|x86
		{C7E2E890-F7E6-4B9A-98FE-524047DD5F6D}.Debug|Any CPU.ActiveCfg = Debug|Any CPU
		{C7E2E890-F7E6-4B9A-98FE-524047DD5F6D}.Debug|Any CPU.Build.0 = Debug|Any CPU
		{C7E2E890-F7E6-4B9A-98FE-524047DD5F6D}.Debug|ARM.ActiveCfg = Debug|ARM
		{C7E2E890-F7E6-4B9A-98FE-524047DD5F6D}.Debug|ARM.Build.0 = Debug|ARM
		{C7E2E890-F7E6-4B9A-98FE-524047DD5F6D}.Debug|x64.ActiveCfg = Debug|x64
		{C7E2E890-F7E6-4B9A-98FE-524047DD5F6D}.Debug|x64.Build.0 = Debug|x64
		{C7E2E890-F7E6-4B9A-98FE-524047DD5F6D}.Debug|x86.ActiveCfg = Debug|x86
		{C7E2E890-F7E6-4B9A-98FE-524047DD5F6D}.Debug|x86.Build.0 = Debug|x86
		{C7E2E890-F7E6-4B9A-98FE-524047DD5F6D}.Release|Any CPU.ActiveCfg = Release|Any CPU
		{C7E2E890-F7E6-4B9A-98FE-524047DD5F6D}.Release|Any CPU.Build.0 = Release|Any CPU
		{C7E2E890-F7E6-4B9A-98FE-524047DD5F6D}.Release|ARM.ActiveCfg = Release|ARM
		{C7E2E890-F7E6-4B9A-98FE-524047DD5F6D}.Release|ARM.Build.0 = Release|ARM
		{C7E2E890-F7E6-4B9A-98FE-524047DD5F6D}.Release|x64.ActiveCfg = Release|x64
		{C7E2E890-F7E6-4B9A-98FE-524047DD5F6D}.Release|x64.Build.0 = Release|x64
		{C7E2E890-F7E6-4B9A-98FE-524047DD5F6D}.Release|x86.ActiveCfg = Release|x86
		{C7E2E890-F7E6-4B9A-98FE-524047DD5F6D}.Release|x86.Build.0 = Release|x86
		{12307BC0-EAC7-4942-9F4A-8401EC12C81E}.Debug|Any CPU.ActiveCfg = Debug|Any CPU
		{12307BC0-EAC7-4942-9F4A-8401EC12C81E}.Debug|Any CPU.Build.0 = Debug|Any CPU
		{12307BC0-EAC7-4942-9F4A-8401EC12C81E}.Debug|ARM.ActiveCfg = Debug|ARM
		{12307BC0-EAC7-4942-9F4A-8401EC12C81E}.Debug|ARM.Build.0 = Debug|ARM
		{12307BC0-EAC7-4942-9F4A-8401EC12C81E}.Debug|x64.ActiveCfg = Debug|x64
		{12307BC0-EAC7-4942-9F4A-8401EC12C81E}.Debug|x64.Build.0 = Debug|x64
		{12307BC0-EAC7-4942-9F4A-8401EC12C81E}.Debug|x86.ActiveCfg = Debug|x86
		{12307BC0-EAC7-4942-9F4A-8401EC12C81E}.Debug|x86.Build.0 = Debug|x86
		{12307BC0-EAC7-4942-9F4A-8401EC12C81E}.Release|Any CPU.ActiveCfg = Release|Any CPU
		{12307BC0-EAC7-4942-9F4A-8401EC12C81E}.Release|Any CPU.Build.0 = Release|Any CPU
		{12307BC0-EAC7-4942-9F4A-8401EC12C81E}.Release|ARM.ActiveCfg = Release|ARM
		{12307BC0-EAC7-4942-9F4A-8401EC12C81E}.Release|ARM.Build.0 = Release|ARM
		{12307BC0-EAC7-4942-9F4A-8401EC12C81E}.Release|x64.ActiveCfg = Release|x64
		{12307BC0-EAC7-4942-9F4A-8401EC12C81E}.Release|x64.Build.0 = Release|x64
		{12307BC0-EAC7-4942-9F4A-8401EC12C81E}.Release|x86.ActiveCfg = Release|x86
		{12307BC0-EAC7-4942-9F4A-8401EC12C81E}.Release|x86.Build.0 = Release|x86
	EndGlobalSection
	GlobalSection(SolutionProperties) = preSolution
		HideSolutionNode = FALSE
	EndGlobalSection
EndGlobal
